// !$*UTF8*$!
{
	archiveVersion = 1;
	classes = {
	};
	objectVersion = 56;
	objects = {

/* Begin PBXBuildFile section */
		DE17C5822987FD76009BA657 /* AppDelegate.swift in Sources */ = {isa = PBXBuildFile; fileRef = DE17C5812987FD76009BA657 /* AppDelegate.swift */; };
		DE17C5842987FD76009BA657 /* SceneDelegate.swift in Sources */ = {isa = PBXBuildFile; fileRef = DE17C5832987FD76009BA657 /* SceneDelegate.swift */; };
		DE17C5862987FD76009BA657 /* ViewController.swift in Sources */ = {isa = PBXBuildFile; fileRef = DE17C5852987FD76009BA657 /* ViewController.swift */; };
		DE17C5892987FD76009BA657 /* Main.storyboard in Resources */ = {isa = PBXBuildFile; fileRef = DE17C5872987FD76009BA657 /* Main.storyboard */; };
		DE17C58B2987FD77009BA657 /* Assets.xcassets in Resources */ = {isa = PBXBuildFile; fileRef = DE17C58A2987FD77009BA657 /* Assets.xcassets */; };
		DE17C58E2987FD77009BA657 /* LaunchScreen.storyboard in Resources */ = {isa = PBXBuildFile; fileRef = DE17C58C2987FD77009BA657 /* LaunchScreen.storyboard */; };
		DE17C5972987FDD8009BA657 /* Appearance.swift in Sources */ = {isa = PBXBuildFile; fileRef = DE17C5962987FDD8009BA657 /* Appearance.swift */; };
		DE17C5992987FDDF009BA657 /* Colors.swift in Sources */ = {isa = PBXBuildFile; fileRef = DE17C5982987FDDF009BA657 /* Colors.swift */; };
		DE17C59D2987FE29009BA657 /* weather.ttf in Resources */ = {isa = PBXBuildFile; fileRef = DE17C59C2987FE29009BA657 /* weather.ttf */; };
		DE17C5A02987FE64009BA657 /* RxCocoa in Frameworks */ = {isa = PBXBuildFile; productRef = DE17C59F2987FE64009BA657 /* RxCocoa */; };
		DE17C5A22987FE64009BA657 /* RxRelay in Frameworks */ = {isa = PBXBuildFile; productRef = DE17C5A12987FE64009BA657 /* RxRelay */; };
		DE17C5A42987FE64009BA657 /* RxSwift in Frameworks */ = {isa = PBXBuildFile; productRef = DE17C5A32987FE64009BA657 /* RxSwift */; };
		DE17C5A62987FE86009BA657 /* APIController.swift in Sources */ = {isa = PBXBuildFile; fileRef = DE17C5A52987FE86009BA657 /* APIController.swift */; };
/* End PBXBuildFile section */

/* Begin PBXFileReference section */
		DE17C57E2987FD76009BA657 /* RxWeather.app */ = {isa = PBXFileReference; explicitFileType = wrapper.application; includeInIndex = 0; path = RxWeather.app; sourceTree = BUILT_PRODUCTS_DIR; };
		DE17C5812987FD76009BA657 /* AppDelegate.swift */ = {isa = PBXFileReference; lastKnownFileType = sourcecode.swift; path = AppDelegate.swift; sourceTree = "<group>"; };
		DE17C5832987FD76009BA657 /* SceneDelegate.swift */ = {isa = PBXFileReference; lastKnownFileType = sourcecode.swift; path = SceneDelegate.swift; sourceTree = "<group>"; };
		DE17C5852987FD76009BA657 /* ViewController.swift */ = {isa = PBXFileReference; lastKnownFileType = sourcecode.swift; path = ViewController.swift; sourceTree = "<group>"; };
		DE17C5882987FD76009BA657 /* Base */ = {isa = PBXFileReference; lastKnownFileType = file.storyboard; name = Base; path = Base.lproj/Main.storyboard; sourceTree = "<group>"; };
		DE17C58A2987FD77009BA657 /* Assets.xcassets */ = {isa = PBXFileReference; lastKnownFileType = folder.assetcatalog; path = Assets.xcassets; sourceTree = "<group>"; };
		DE17C58D2987FD77009BA657 /* Base */ = {isa = PBXFileReference; lastKnownFileType = file.storyboard; name = Base; path = Base.lproj/LaunchScreen.storyboard; sourceTree = "<group>"; };
		DE17C58F2987FD77009BA657 /* Info.plist */ = {isa = PBXFileReference; lastKnownFileType = text.plist.xml; path = Info.plist; sourceTree = "<group>"; };
		DE17C5962987FDD8009BA657 /* Appearance.swift */ = {isa = PBXFileReference; lastKnownFileType = sourcecode.swift; path = Appearance.swift; sourceTree = "<group>"; };
		DE17C5982987FDDF009BA657 /* Colors.swift */ = {isa = PBXFileReference; lastKnownFileType = sourcecode.swift; path = Colors.swift; sourceTree = "<group>"; };
		DE17C59C2987FE29009BA657 /* weather.ttf */ = {isa = PBXFileReference; lastKnownFileType = file; path = weather.ttf; sourceTree = "<group>"; };
		DE17C5A52987FE86009BA657 /* APIController.swift */ = {isa = PBXFileReference; lastKnownFileType = sourcecode.swift; path = APIController.swift; sourceTree = "<group>"; };
/* End PBXFileReference section */

/* Begin PBXFrameworksBuildPhase section */
		DE17C57B2987FD76009BA657 /* Frameworks */ = {
			isa = PBXFrameworksBuildPhase;
			buildActionMask = 2147483647;
			files = (
				DE17C5A42987FE64009BA657 /* RxSwift in Frameworks */,
				DE17C5A22987FE64009BA657 /* RxRelay in Frameworks */,
				DE17C5A02987FE64009BA657 /* RxCocoa in Frameworks */,
			);
			runOnlyForDeploymentPostprocessing = 0;
		};
/* End PBXFrameworksBuildPhase section */

/* Begin PBXGroup section */
		DE17C5752987FD76009BA657 = {
			isa = PBXGroup;
			children = (
				DE17C5802987FD76009BA657 /* RxWeather */,
				DE17C57F2987FD76009BA657 /* Products */,
			);
			sourceTree = "<group>";
		};
		DE17C57F2987FD76009BA657 /* Products */ = {
			isa = PBXGroup;
			children = (
				DE17C57E2987FD76009BA657 /* RxWeather.app */,
			);
			name = Products;
			sourceTree = "<group>";
		};
		DE17C5802987FD76009BA657 /* RxWeather */ = {
			isa = PBXGroup;
			children = (
				DE17C59B2987FDEE009BA657 /* Assets */,
				DE17C59A2987FDE5009BA657 /* Controllers */,
				DE17C5952987FDC6009BA657 /* Utlis */,
				DE17C5812987FD76009BA657 /* AppDelegate.swift */,
				DE17C5832987FD76009BA657 /* SceneDelegate.swift */,
				DE17C5872987FD76009BA657 /* Main.storyboard */,
				DE17C58A2987FD77009BA657 /* Assets.xcassets */,
				DE17C58C2987FD77009BA657 /* LaunchScreen.storyboard */,
				DE17C58F2987FD77009BA657 /* Info.plist */,
			);
			path = RxWeather;
			sourceTree = "<group>";
		};
		DE17C5952987FDC6009BA657 /* Utlis */ = {
			isa = PBXGroup;
			children = (
				DE17C5962987FDD8009BA657 /* Appearance.swift */,
				DE17C5982987FDDF009BA657 /* Colors.swift */,
			);
			path = Utlis;
			sourceTree = "<group>";
		};
		DE17C59A2987FDE5009BA657 /* Controllers */ = {
			isa = PBXGroup;
			children = (
				DE17C5852987FD76009BA657 /* ViewController.swift */,
				DE17C5A52987FE86009BA657 /* APIController.swift */,
			);
			path = Controllers;
			sourceTree = "<group>";
		};
		DE17C59B2987FDEE009BA657 /* Assets */ = {
			isa = PBXGroup;
			children = (
				DE17C59C2987FE29009BA657 /* weather.ttf */,
			);
			path = Assets;
			sourceTree = "<group>";
		};
/* End PBXGroup section */

/* Begin PBXNativeTarget section */
		DE17C57D2987FD76009BA657 /* RxWeather */ = {
			isa = PBXNativeTarget;
			buildConfigurationList = DE17C5922987FD77009BA657 /* Build configuration list for PBXNativeTarget "RxWeather" */;
			buildPhases = (
				DE17C57A2987FD76009BA657 /* Sources */,
				DE17C57B2987FD76009BA657 /* Frameworks */,
				DE17C57C2987FD76009BA657 /* Resources */,
			);
			buildRules = (
			);
			dependencies = (
			);
			name = RxWeather;
			packageProductDependencies = (
				DE17C59F2987FE64009BA657 /* RxCocoa */,
				DE17C5A12987FE64009BA657 /* RxRelay */,
				DE17C5A32987FE64009BA657 /* RxSwift */,
			);
			productName = RxWeather;
			productReference = DE17C57E2987FD76009BA657 /* RxWeather.app */;
			productType = "com.apple.product-type.application";
		};
/* End PBXNativeTarget section */

/* Begin PBXProject section */
		DE17C5762987FD76009BA657 /* Project object */ = {
			isa = PBXProject;
			attributes = {
				BuildIndependentTargetsInParallel = 1;
				LastSwiftUpdateCheck = 1420;
				LastUpgradeCheck = 1420;
				TargetAttributes = {
					DE17C57D2987FD76009BA657 = {
						CreatedOnToolsVersion = 14.2;
					};
				};
			};
			buildConfigurationList = DE17C5792987FD76009BA657 /* Build configuration list for PBXProject "RxWeather" */;
			compatibilityVersion = "Xcode 14.0";
			developmentRegion = en;
			hasScannedForEncodings = 0;
			knownRegions = (
				en,
				Base,
			);
			mainGroup = DE17C5752987FD76009BA657;
			packageReferences = (
				DE17C59E2987FE64009BA657 /* XCRemoteSwiftPackageReference "RxSwift" */,
			);
			productRefGroup = DE17C57F2987FD76009BA657 /* Products */;
			projectDirPath = "";
			projectRoot = "";
			targets = (
				DE17C57D2987FD76009BA657 /* RxWeather */,
			);
		};
/* End PBXProject section */

/* Begin PBXResourcesBuildPhase section */
		DE17C57C2987FD76009BA657 /* Resources */ = {
			isa = PBXResourcesBuildPhase;
			buildActionMask = 2147483647;
			files = (
				DE17C58E2987FD77009BA657 /* LaunchScreen.storyboard in Resources */,
				DE17C58B2987FD77009BA657 /* Assets.xcassets in Resources */,
				DE17C5892987FD76009BA657 /* Main.storyboard in Resources */,
				DE17C59D2987FE29009BA657 /* weather.ttf in Resources */,
			);
			runOnlyForDeploymentPostprocessing = 0;
		};
/* End PBXResourcesBuildPhase section */

/* Begin PBXSourcesBuildPhase section */
		DE17C57A2987FD76009BA657 /* Sources */ = {
			isa = PBXSourcesBuildPhase;
			buildActionMask = 2147483647;
			files = (
				DE17C5862987FD76009BA657 /* ViewController.swift in Sources */,
				DE17C5992987FDDF009BA657 /* Colors.swift in Sources */,
				DE17C5A62987FE86009BA657 /* APIController.swift in Sources */,
				DE17C5822987FD76009BA657 /* AppDelegate.swift in Sources */,
				DE17C5842987FD76009BA657 /* SceneDelegate.swift in Sources */,
				DE17C5972987FDD8009BA657 /* Appearance.swift in Sources */,
			);
			runOnlyForDeploymentPostprocessing = 0;
		};
/* End PBXSourcesBuildPhase section */

/* Begin PBXVariantGroup section */
		DE17C5872987FD76009BA657 /* Main.storyboard */ = {
			isa = PBXVariantGroup;
			children = (
				DE17C5882987FD76009BA657 /* Base */,
			);
			name = Main.storyboard;
			sourceTree = "<group>";
		};
		DE17C58C2987FD77009BA657 /* LaunchScreen.storyboard */ = {
			isa = PBXVariantGroup;
			children = (
				DE17C58D2987FD77009BA657 /* Base */,
			);
			name = LaunchScreen.storyboard;
			sourceTree = "<group>";
		};
/* End PBXVariantGroup section */

/* Begin XCBuildConfiguration section */
		DE17C5902987FD77009BA657 /* Debug */ = {
			isa = XCBuildConfiguration;
			buildSettings = {
				ALWAYS_SEARCH_USER_PATHS = NO;
				CLANG_ANALYZER_NONNULL = YES;
				CLANG_ANALYZER_NUMBER_OBJECT_CONVERSION = YES_AGGRESSIVE;
				CLANG_CXX_LANGUAGE_STANDARD = "gnu++20";
				CLANG_ENABLE_MODULES = YES;
				CLANG_ENABLE_OBJC_ARC = YES;
				CLANG_ENABLE_OBJC_WEAK = YES;
				CLANG_WARN_BLOCK_CAPTURE_AUTORELEASING = YES;
				CLANG_WARN_BOOL_CONVERSION = YES;
				CLANG_WARN_COMMA = YES;
				CLANG_WARN_CONSTANT_CONVERSION = YES;
				CLANG_WARN_DEPRECATED_OBJC_IMPLEMENTATIONS = YES;
				CLANG_WARN_DIRECT_OBJC_ISA_USAGE = YES_ERROR;
				CLANG_WARN_DOCUMENTATION_COMMENTS = YES;
				CLANG_WARN_EMPTY_BODY = YES;
				CLANG_WARN_ENUM_CONVERSION = YES;
				CLANG_WARN_INFINITE_RECURSION = YES;
				CLANG_WARN_INT_CONVERSION = YES;
				CLANG_WARN_NON_LITERAL_NULL_CONVERSION = YES;
				CLANG_WARN_OBJC_IMPLICIT_RETAIN_SELF = YES;
				CLANG_WARN_OBJC_LITERAL_CONVERSION = YES;
				CLANG_WARN_OBJC_ROOT_CLASS = YES_ERROR;
				CLANG_WARN_QUOTED_INCLUDE_IN_FRAMEWORK_HEADER = YES;
				CLANG_WARN_RANGE_LOOP_ANALYSIS = YES;
				CLANG_WARN_STRICT_PROTOTYPES = YES;
				CLANG_WARN_SUSPICIOUS_MOVE = YES;
				CLANG_WARN_UNGUARDED_AVAILABILITY = YES_AGGRESSIVE;
				CLANG_WARN_UNREACHABLE_CODE = YES;
				CLANG_WARN__DUPLICATE_METHOD_MATCH = YES;
				COPY_PHASE_STRIP = NO;
				DEBUG_INFORMATION_FORMAT = dwarf;
				ENABLE_STRICT_OBJC_MSGSEND = YES;
				ENABLE_TESTABILITY = YES;
				GCC_C_LANGUAGE_STANDARD = gnu11;
				GCC_DYNAMIC_NO_PIC = NO;
				GCC_NO_COMMON_BLOCKS = YES;
				GCC_OPTIMIZATION_LEVEL = 0;
				GCC_PREPROCESSOR_DEFINITIONS = (
					"DEBUG=1",
					"$(inherited)",
				);
				GCC_WARN_64_TO_32_BIT_CONVERSION = YES;
				GCC_WARN_ABOUT_RETURN_TYPE = YES_ERROR;
				GCC_WARN_UNDECLARED_SELECTOR = YES;
				GCC_WARN_UNINITIALIZED_AUTOS = YES_AGGRESSIVE;
				GCC_WARN_UNUSED_FUNCTION = YES;
				GCC_WARN_UNUSED_VARIABLE = YES;
				IPHONEOS_DEPLOYMENT_TARGET = 16.2;
				MTL_ENABLE_DEBUG_INFO = INCLUDE_SOURCE;
				MTL_FAST_MATH = YES;
				ONLY_ACTIVE_ARCH = YES;
				SDKROOT = iphoneos;
				SWIFT_ACTIVE_COMPILATION_CONDITIONS = DEBUG;
				SWIFT_OPTIMIZATION_LEVEL = "-Onone";
			};
			name = Debug;
		};
		DE17C5912987FD77009BA657 /* Release */ = {
			isa = XCBuildConfiguration;
			buildSettings = {
				ALWAYS_SEARCH_USER_PATHS = NO;
				CLANG_ANALYZER_NONNULL = YES;
				CLANG_ANALYZER_NUMBER_OBJECT_CONVERSION = YES_AGGRESSIVE;
				CLANG_CXX_LANGUAGE_STANDARD = "gnu++20";
				CLANG_ENABLE_MODULES = YES;
				CLANG_ENABLE_OBJC_ARC = YES;
				CLANG_ENABLE_OBJC_WEAK = YES;
				CLANG_WARN_BLOCK_CAPTURE_AUTORELEASING = YES;
				CLANG_WARN_BOOL_CONVERSION = YES;
				CLANG_WARN_COMMA = YES;
				CLANG_WARN_CONSTANT_CONVERSION = YES;
				CLANG_WARN_DEPRECATED_OBJC_IMPLEMENTATIONS = YES;
				CLANG_WARN_DIRECT_OBJC_ISA_USAGE = YES_ERROR;
				CLANG_WARN_DOCUMENTATION_COMMENTS = YES;
				CLANG_WARN_EMPTY_BODY = YES;
				CLANG_WARN_ENUM_CONVERSION = YES;
				CLANG_WARN_INFINITE_RECURSION = YES;
				CLANG_WARN_INT_CONVERSION = YES;
				CLANG_WARN_NON_LITERAL_NULL_CONVERSION = YES;
				CLANG_WARN_OBJC_IMPLICIT_RETAIN_SELF = YES;
				CLANG_WARN_OBJC_LITERAL_CONVERSION = YES;
				CLANG_WARN_OBJC_ROOT_CLASS = YES_ERROR;
				CLANG_WARN_QUOTED_INCLUDE_IN_FRAMEWORK_HEADER = YES;
				CLANG_WARN_RANGE_LOOP_ANALYSIS = YES;
				CLANG_WARN_STRICT_PROTOTYPES = YES;
				CLANG_WARN_SUSPICIOUS_MOVE = YES;
				CLANG_WARN_UNGUARDED_AVAILABILITY = YES_AGGRESSIVE;
				CLANG_WARN_UNREACHABLE_CODE = YES;
				CLANG_WARN__DUPLICATE_METHOD_MATCH = YES;
				COPY_PHASE_STRIP = NO;
				DEBUG_INFORMATION_FORMAT = "dwarf-with-dsym";
				ENABLE_NS_ASSERTIONS = NO;
				ENABLE_STRICT_OBJC_MSGSEND = YES;
				GCC_C_LANGUAGE_STANDARD = gnu11;
				GCC_NO_COMMON_BLOCKS = YES;
				GCC_WARN_64_TO_32_BIT_CONVERSION = YES;
				GCC_WARN_ABOUT_RETURN_TYPE = YES_ERROR;
				GCC_WARN_UNDECLARED_SELECTOR = YES;
				GCC_WARN_UNINITIALIZED_AUTOS = YES_AGGRESSIVE;
				GCC_WARN_UNUSED_FUNCTION = YES;
				GCC_WARN_UNUSED_VARIABLE = YES;
				IPHONEOS_DEPLOYMENT_TARGET = 16.2;
				MTL_ENABLE_DEBUG_INFO = NO;
				MTL_FAST_MATH = YES;
				SDKROOT = iphoneos;
				SWIFT_COMPILATION_MODE = wholemodule;
				SWIFT_OPTIMIZATION_LEVEL = "-O";
				VALIDATE_PRODUCT = YES;
			};
			name = Release;
		};
		DE17C5932987FD77009BA657 /* Debug */ = {
			isa = XCBuildConfiguration;
			buildSettings = {
				ASSETCATALOG_COMPILER_APPICON_NAME = AppIcon;
				ASSETCATALOG_COMPILER_GLOBAL_ACCENT_COLOR_NAME = AccentColor;
				CODE_SIGN_STYLE = Automatic;
				CURRENT_PROJECT_VERSION = 1;
				DEVELOPMENT_TEAM = Q9H695GPDY;
				GENERATE_INFOPLIST_FILE = YES;
				INFOPLIST_FILE = RxWeather/Info.plist;
				INFOPLIST_KEY_UIApplicationSupportsIndirectInputEvents = YES;
				INFOPLIST_KEY_UILaunchStoryboardName = LaunchScreen;
				INFOPLIST_KEY_UIMainStoryboardFile = Main;
				INFOPLIST_KEY_UISupportedInterfaceOrientations_iPad = "UIInterfaceOrientationPortrait UIInterfaceOrientationPortraitUpsideDown UIInterfaceOrientationLandscapeLeft UIInterfaceOrientationLandscapeRight";
				INFOPLIST_KEY_UISupportedInterfaceOrientations_iPhone = "UIInterfaceOrientationPortrait UIInterfaceOrientationLandscapeLeft UIInterfaceOrientationLandscapeRight";
				LD_RUNPATH_SEARCH_PATHS = (
					"$(inherited)",
					"@executable_path/Frameworks",
				);
				MARKETING_VERSION = 1.0;
				PRODUCT_BUNDLE_IDENTIFIER = com.cybershen.RxWeather;
				PRODUCT_NAME = "$(TARGET_NAME)";
				SWIFT_EMIT_LOC_STRINGS = YES;
				SWIFT_VERSION = 5.0;
				TARGETED_DEVICE_FAMILY = "1,2";
			};
			name = Debug;
		};
		DE17C5942987FD77009BA657 /* Release */ = {
			isa = XCBuildConfiguration;
			buildSettings = {
				ASSETCATALOG_COMPILER_APPICON_NAME = AppIcon;
				ASSETCATALOG_COMPILER_GLOBAL_ACCENT_COLOR_NAME = AccentColor;
				CODE_SIGN_STYLE = Automatic;
				CURRENT_PROJECT_VERSION = 1;
				DEVELOPMENT_TEAM = Q9H695GPDY;
				GENERATE_INFOPLIST_FILE = YES;
				INFOPLIST_FILE = RxWeather/Info.plist;
				INFOPLIST_KEY_UIApplicationSupportsIndirectInputEvents = YES;
				INFOPLIST_KEY_UILaunchStoryboardName = LaunchScreen;
				INFOPLIST_KEY_UIMainStoryboardFile = Main;
				INFOPLIST_KEY_UISupportedInterfaceOrientations_iPad = "UIInterfaceOrientationPortrait UIInterfaceOrientationPortraitUpsideDown UIInterfaceOrientationLandscapeLeft UIInterfaceOrientationLandscapeRight";
				INFOPLIST_KEY_UISupportedInterfaceOrientations_iPhone = "UIInterfaceOrientationPortrait UIInterfaceOrientationLandscapeLeft UIInterfaceOrientationLandscapeRight";
				LD_RUNPATH_SEARCH_PATHS = (
					"$(inherited)",
					"@executable_path/Frameworks",
				);
				MARKETING_VERSION = 1.0;
				PRODUCT_BUNDLE_IDENTIFIER = com.cybershen.RxWeather;
				PRODUCT_NAME = "$(TARGET_NAME)";
				SWIFT_EMIT_LOC_STRINGS = YES;
				SWIFT_VERSION = 5.0;
				TARGETED_DEVICE_FAMILY = "1,2";
			};
			name = Release;
		};
/* End XCBuildConfiguration section */

/* Begin XCConfigurationList section */
		DE17C5792987FD76009BA657 /* Build configuration list for PBXProject "RxWeather" */ = {
			isa = XCConfigurationList;
			buildConfigurations = (
				DE17C5902987FD77009BA657 /* Debug */,
				DE17C5912987FD77009BA657 /* Release */,
			);
			defaultConfigurationIsVisible = 0;
			defaultConfigurationName = Release;
		};
		DE17C5922987FD77009BA657 /* Build configuration list for PBXNativeTarget "RxWeather" */ = {
			isa = XCConfigurationList;
			buildConfigurations = (
				DE17C5932987FD77009BA657 /* Debug */,
				DE17C5942987FD77009BA657 /* Release */,
			);
			defaultConfigurationIsVisible = 0;
			defaultConfigurationName = Release;
		};
/* End XCConfigurationList section */

/* Begin XCRemoteSwiftPackageReference section */
		DE17C59E2987FE64009BA657 /* XCRemoteSwiftPackageReference "RxSwift" */ = {
			isa = XCRemoteSwiftPackageReference;
			repositoryURL = "https://github.com/ReactiveX/RxSwift";
			requirement = {
				branch = main;
				kind = branch;
			};
		};
/* End XCRemoteSwiftPackageReference section */

/* Begin XCSwiftPackageProductDependency section */
		DE17C59F2987FE64009BA657 /* RxCocoa */ = {
			isa = XCSwiftPackageProductDependency;
			package = DE17C59E2987FE64009BA657 /* XCRemoteSwiftPackageReference "RxSwift" */;
			productName = RxCocoa;
		};
		DE17C5A12987FE64009BA657 /* RxRelay */ = {
			isa = XCSwiftPackageProductDependency;
			package = DE17C59E2987FE64009BA657 /* XCRemoteSwiftPackageReference "RxSwift" */;
			productName = RxRelay;
		};
		DE17C5A32987FE64009BA657 /* RxSwift */ = {
			isa = XCSwiftPackageProductDependency;
			package = DE17C59E2987FE64009BA657 /* XCRemoteSwiftPackageReference "RxSwift" */;
			productName = RxSwift;
		};
/* End XCSwiftPackageProductDependency section */
	};
	rootObject = DE17C5762987FD76009BA657 /* Project object */;
}
